
Microsoft Visual Studio Solution File, Format Version 12.00
# Visual Studio Version 17
VisualStudioVersion = 17.9.34701.34
MinimumVisualStudioVersion = 10.0.40219.1
Project("{FAE04EC0-301F-11D3-BF4B-00C04F79EFBC}") = "EconSense", "EconSense\EconSense.csproj", "{6CD38751-0CB5-4496-8535-248F665AFF0F}"
EndProject
Global
	GlobalSection(SolutionConfigurationPlatforms) = preSolution
		Debug|Any CPU = Debug|Any CPU
		Release|Any CPU = Release|Any CPU
	EndGlobalSection
	GlobalSection(ProjectConfigurationPlatforms) = postSolution
		{6CD38751-0CB5-4496-8535-248F665AFF0F}.Debug|Any CPU.ActiveCfg = Debug|Any CPU
		{6CD38751-0CB5-4496-8535-248F665AFF0F}.Debug|Any CPU.Build.0 = Debug|Any CPU
		{6CD38751-0CB5-4496-8535-248F665AFF0F}.Release|Any CPU.ActiveCfg = Release|Any CPU
		{6CD38751-0CB5-4496-8535-248F665AFF0F}.Release|Any CPU.Build.0 = Release|Any CPU
	EndGlobalSection
	GlobalSection(SolutionProperties) = preSolution
		HideSolutionNode = FALSE
	EndGlobalSection
	GlobalSection(ExtensibilityGlobals) = postSolution
		SolutionGuid = {711FB101-49B9-4DD6-A7F7-3AF16902983D}
	EndGlobalSection
EndGlobal
